# THIS IS AN AUTOGENERATED FILE. DO NOT EDIT THIS FILE DIRECTLY.
# yarn lockfile v1


"@types/prop-types@*":
  version "15.7.4"
  resolved "https://registry.yarnpkg.com/@types/prop-types/-/prop-types-15.7.4.tgz#fcf7205c25dff795ee79af1e30da2c9790808f11"
  integrity sha512-rZ5drC/jWjrArrS8BR6SIr4cWpW09RNTYt9AMZo3Jwwif+iacXAqgVjm0B0Bv/S1jhDXKHqRVNCbACkJ89RAnQ==

"@types/react-signature-canvas@^1.0.2":
  version "1.0.2"
  resolved "https://registry.yarnpkg.com/@types/react-signature-canvas/-/react-signature-canvas-1.0.2.tgz#c27bae1b3452c779315cc0ef6e9a2907116ce1bb"
  integrity sha512-uDHDoo2JM/9qYS+U7PRKDLBgOnQOOUEkDdXjCxBvI19fWtOLqXisrjiquPu+enu5iu2oWIfU7cVhn1QJZPkLTg==
  dependencies:
    "@types/react" "*"
    "@types/signature_pad" "*"

"@types/react@*":
  version "17.0.14"
  resolved "https://registry.yarnpkg.com/@types/react/-/react-17.0.14.tgz#f0629761ca02945c4e8fea99b8177f4c5c61fb0f"
  integrity sha512-0WwKHUbWuQWOce61UexYuWTGuGY/8JvtUe/dtQ6lR4sZ3UiylHotJeWpf3ArP9+DSGUoLY3wbU59VyMrJps5VQ==
  dependencies:
    "@types/prop-types" "*"
    "@types/scheduler" "*"
    csstype "^3.0.2"

"@types/scheduler@*":
  version "0.16.2"
  resolved "https://registry.yarnpkg.com/@types/scheduler/-/scheduler-0.16.2.tgz#1a62f89525723dde24ba1b01b092bf5df8ad4d39"
  integrity sha512-hppQEBDmlwhFAXKJX2KnWLYu5yMfi91yazPb2l+lbJiwW+wdo1gNeRA+3RgNSO39WYX2euey41KEwnqesU2Jew==

"@types/signature_pad@*":
  version "2.3.2"
  resolved "https://registry.yarnpkg.com/@types/signature_pad/-/signature_pad-2.3.2.tgz#97121116570b945b7b8d70525ee5428b6ae17569"
  integrity sha512-dDfWIgRcdzAaeVOpLRmLHIumGwc5inSD4Dj2Duis3yUEoSADZECLJHKkUQphbaANQ7kSC2bkf1JzyBPSmTlrPQ==

csstype@^3.0.2:
  version "3.0.8"
  resolved "https://registry.yarnpkg.com/csstype/-/csstype-3.0.8.tgz#d2266a792729fb227cd216fb572f43728e1ad340"
  integrity sha512-jXKhWqXPmlUeoQnF/EhTtTl4C9SnrxSH/jZUih3jmO6lBKr99rP3/+FmrMj4EFpOXzMtXHAZkd3x0E6h6Fgflw==

react-signature-canvas@^1.0.3:
  version "1.0.3"
  resolved "https://registry.yarnpkg.com/react-signature-canvas/-/react-signature-canvas-1.0.3.tgz#1eebe3395a206ff37015f5b557e5c0274587064b"
  integrity sha512-6KBZFWLgjbnV80hh0sYW4ZKLJkojktP+de+xrnBGjB6HBK2dOoYH3rVxjtCvpMhjM/e4cqgAoQVz3lYdKCgWxw==
  dependencies:
    signature_pad "^2.3.2"
    trim-canvas "^0.1.0"

signature_pad@^2.3.2:
  version "2.3.2"
  resolved "https://registry.yarnpkg.com/signature_pad/-/signature_pad-2.3.2.tgz#ca7230021c89cedeead27b33d8d16ff254e5f04a"
  integrity sha512-peYXLxOsIY6MES2TrRLDiNg2T++8gGbpP2yaC+6Ohtxr+a2dzoaqWosWDY9sWqTAAk6E/TyQO+LJw9zQwyu5kA==

trim-canvas@^0.1.0:
  version "0.1.2"
  resolved "https://registry.yarnpkg.com/trim-canvas/-/trim-canvas-0.1.2.tgz#620457f5fecf564b521d35c5fcd4da58304d6e45"
  integrity sha1-YgRX9f7PVktSHTXF/NTaWDBNbkU=
